// !$*UTF8*$!
{
	archiveVersion = 1;
	classes = {
	};
	objectVersion = 56;
	objects = {

/* Begin PBXBuildFile section */
		D82AA5272BB96E6A0077BA8D /* README.md in Resources */ = {isa = PBXBuildFile; fileRef = D82AA5262BB96E6A0077BA8D /* README.md */; };
		D83DD3072BB97E280061E40D /* Config.swift in Sources */ = {isa = PBXBuildFile; fileRef = D83DD3062BB97E280061E40D /* Config.swift */; };
		D83DD3092BB980400061E40D /* Theme.swift in Sources */ = {isa = PBXBuildFile; fileRef = D83DD3082BB980400061E40D /* Theme.swift */; };
		D83F9A812B8A54B8000C764A /* SwiftDemoApp.swift in Sources */ = {isa = PBXBuildFile; fileRef = D83F9A802B8A54B8000C764A /* SwiftDemoApp.swift */; };
		D83F9A832B8A54B8000C764A /* ContentView.swift in Sources */ = {isa = PBXBuildFile; fileRef = D83F9A822B8A54B8000C764A /* ContentView.swift */; };
		D83F9A852B8A54B9000C764A /* Assets.xcassets in Resources */ = {isa = PBXBuildFile; fileRef = D83F9A842B8A54B9000C764A /* Assets.xcassets */; };
		D83F9A882B8A54B9000C764A /* Preview Assets.xcassets in Resources */ = {isa = PBXBuildFile; fileRef = D83F9A872B8A54B9000C764A /* Preview Assets.xcassets */; };
		D83F9A8F2B8A55A6000C764A /* Data in Resources */ = {isa = PBXBuildFile; fileRef = D83F9A8E2B8A55A6000C764A /* Data */; };
		D84138CD2BBDE2AA002AC325 /* HelpManager.swift in Sources */ = {isa = PBXBuildFile; fileRef = D84138CC2BBDE2AA002AC325 /* HelpManager.swift */; };
		D84138CF2BBDE497002AC325 /* Defined.swift in Sources */ = {isa = PBXBuildFile; fileRef = D84138CE2BBDE497002AC325 /* Defined.swift */; };
		D872DA032BB9CC9900E86FEB /* MyPackage in Frameworks */ = {isa = PBXBuildFile; productRef = D872DA022BB9CC9900E86FEB /* MyPackage */; };
		D87A7B272BB9644B004FD731 /* SecondView.swift in Sources */ = {isa = PBXBuildFile; fileRef = D87A7B262BB9644B004FD731 /* SecondView.swift */; };
		D89095732BFE500B00F18943 /* FeedbackGeneratorView.swift in Sources */ = {isa = PBXBuildFile; fileRef = D89095722BFE500B00F18943 /* FeedbackGeneratorView.swift */; };
		D8A3249F2BFF152500F87E43 /* FullScreenView.swift in Sources */ = {isa = PBXBuildFile; fileRef = D8A3249E2BFF152500F87E43 /* FullScreenView.swift */; };
		D8A630F72BC59F0300915E6C /* iconsmind.swift in Sources */ = {isa = PBXBuildFile; fileRef = D8A630E32BC59F0300915E6C /* iconsmind.swift */; };
		D8A630F82BC59F0300915E6C /* icofont.swift in Sources */ = {isa = PBXBuildFile; fileRef = D8A630E42BC59F0300915E6C /* icofont.swift */; };
		D8A630F92BC59F0300915E6C /* themify.swift in Sources */ = {isa = PBXBuildFile; fileRef = D8A630E52BC59F0300915E6C /* themify.swift */; };
		D8A630FA2BC59F0300915E6C /* feather.swift in Sources */ = {isa = PBXBuildFile; fileRef = D8A630E62BC59F0300915E6C /* feather.swift */; };
		D8A630FB2BC59F0300915E6C /* flaticon.swift in Sources */ = {isa = PBXBuildFile; fileRef = D8A630E72BC59F0300915E6C /* flaticon.swift */; };
		D8A630FC2BC59F0300915E6C /* dripicons.swift in Sources */ = {isa = PBXBuildFile; fileRef = D8A630E82BC59F0300915E6C /* dripicons.swift */; };
		D8A630FD2BC59F0300915E6C /* lineawesome.swift in Sources */ = {isa = PBXBuildFile; fileRef = D8A630E92BC59F0300915E6C /* lineawesome.swift */; };
		D8A630FE2BC59F0300915E6C /* material.swift in Sources */ = {isa = PBXBuildFile; fileRef = D8A630EA2BC59F0300915E6C /* material.swift */; };
		D8A630FF2BC59F0300915E6C /* simple.swift in Sources */ = {isa = PBXBuildFile; fileRef = D8A630EB2BC59F0300915E6C /* simple.swift */; };
		D8A631002BC59F0300915E6C /* MyIcons.swift in Sources */ = {isa = PBXBuildFile; fileRef = D8A630EC2BC59F0300915E6C /* MyIcons.swift */; };
		D8A631012BC59F0300915E6C /* icofont.ttf in Resources */ = {isa = PBXBuildFile; fileRef = D8A630EE2BC59F0300915E6C /* icofont.ttf */; };
		D8A631022BC59F0300915E6C /* feather.ttf in Resources */ = {isa = PBXBuildFile; fileRef = D8A630EF2BC59F0300915E6C /* feather.ttf */; };
		D8A631032BC59F0300915E6C /* themify.ttf in Resources */ = {isa = PBXBuildFile; fileRef = D8A630F02BC59F0300915E6C /* themify.ttf */; };
		D8A631042BC59F0300915E6C /* Material Design Icons.ttf in Resources */ = {isa = PBXBuildFile; fileRef = D8A630F12BC59F0300915E6C /* Material Design Icons.ttf */; };
		D8A631052BC59F0300915E6C /* iconsmind.ttf in Resources */ = {isa = PBXBuildFile; fileRef = D8A630F22BC59F0300915E6C /* iconsmind.ttf */; };
		D8A631062BC59F0300915E6C /* Flaticon.ttf in Resources */ = {isa = PBXBuildFile; fileRef = D8A630F32BC59F0300915E6C /* Flaticon.ttf */; };
		D8A631072BC59F0300915E6C /* LineAwesome.ttf in Resources */ = {isa = PBXBuildFile; fileRef = D8A630F42BC59F0300915E6C /* LineAwesome.ttf */; };
		D8A631082BC59F0300915E6C /* dripicons-v2.ttf in Resources */ = {isa = PBXBuildFile; fileRef = D8A630F52BC59F0300915E6C /* dripicons-v2.ttf */; };
		D8A631092BC59F0300915E6C /* Simple-Line-Icons.ttf in Resources */ = {isa = PBXBuildFile; fileRef = D8A630F62BC59F0300915E6C /* Simple-Line-Icons.ttf */; };
		D8D9B6672BC274E500D45D94 /* NetworkManager.swift in Sources */ = {isa = PBXBuildFile; fileRef = D8D9B6662BC274E500D45D94 /* NetworkManager.swift */; };
		D8D9B66B2BC2A4B600D45D94 /* IdSupport.swift in Sources */ = {isa = PBXBuildFile; fileRef = D8D9B66A2BC2A4B600D45D94 /* IdSupport.swift */; };
		D8D9B66D2BC2A83700D45D94 /* DeviceSupport.swift in Sources */ = {isa = PBXBuildFile; fileRef = D8D9B66C2BC2A83700D45D94 /* DeviceSupport.swift */; };
		D8D9B66F2BC2A87C00D45D94 /* SupportManager.swift in Sources */ = {isa = PBXBuildFile; fileRef = D8D9B66E2BC2A87C00D45D94 /* SupportManager.swift */; };
		D8D9B6712BC2ABAA00D45D94 /* FileSupport.swift in Sources */ = {isa = PBXBuildFile; fileRef = D8D9B6702BC2ABAA00D45D94 /* FileSupport.swift */; };
		D8DC44A22B8C941A000037CD /* ButtonView.swift in Sources */ = {isa = PBXBuildFile; fileRef = D8DC44A12B8C941A000037CD /* ButtonView.swift */; };
		D8F9B50D2BC6607500010901 /* MainView.swift in Sources */ = {isa = PBXBuildFile; fileRef = D8F9B50C2BC6607500010901 /* MainView.swift */; };
		D8F9B5192BC677EF00010901 /* SegmentedView.swift in Sources */ = {isa = PBXBuildFile; fileRef = D8F9B5182BC677EF00010901 /* SegmentedView.swift */; };
		D8F9B51B2BC67A2500010901 /* SegmentedControl.swift in Sources */ = {isa = PBXBuildFile; fileRef = D8F9B51A2BC67A2500010901 /* SegmentedControl.swift */; };
		D8F9B51D2BC67BF400010901 /* RefreshView.swift in Sources */ = {isa = PBXBuildFile; fileRef = D8F9B51C2BC67BF400010901 /* RefreshView.swift */; };
/* End PBXBuildFile section */

/* Begin PBXFileReference section */
		D82AA5262BB96E6A0077BA8D /* README.md */ = {isa = PBXFileReference; lastKnownFileType = net.daringfireball.markdown; path = README.md; sourceTree = "<group>"; };
		D83DD3062BB97E280061E40D /* Config.swift */ = {isa = PBXFileReference; fileEncoding = 4; lastKnownFileType = sourcecode.swift; path = Config.swift; sourceTree = "<group>"; };
		D83DD3082BB980400061E40D /* Theme.swift */ = {isa = PBXFileReference; fileEncoding = 4; lastKnownFileType = sourcecode.swift; path = Theme.swift; sourceTree = "<group>"; };
		D83F9A7D2B8A54B8000C764A /* SwiftDemo.app */ = {isa = PBXFileReference; explicitFileType = wrapper.application; includeInIndex = 0; path = SwiftDemo.app; sourceTree = BUILT_PRODUCTS_DIR; };
		D83F9A802B8A54B8000C764A /* SwiftDemoApp.swift */ = {isa = PBXFileReference; lastKnownFileType = sourcecode.swift; path = SwiftDemoApp.swift; sourceTree = "<group>"; };
		D83F9A822B8A54B8000C764A /* ContentView.swift */ = {isa = PBXFileReference; lastKnownFileType = sourcecode.swift; path = ContentView.swift; sourceTree = "<group>"; };
		D83F9A842B8A54B9000C764A /* Assets.xcassets */ = {isa = PBXFileReference; lastKnownFileType = folder.assetcatalog; path = Assets.xcassets; sourceTree = "<group>"; };
		D83F9A872B8A54B9000C764A /* Preview Assets.xcassets */ = {isa = PBXFileReference; lastKnownFileType = folder.assetcatalog; path = "Preview Assets.xcassets"; sourceTree = "<group>"; };
		D83F9A8E2B8A55A6000C764A /* Data */ = {isa = PBXFileReference; lastKnownFileType = folder; path = Data; sourceTree = "<group>"; };
		D84138CC2BBDE2AA002AC325 /* HelpManager.swift */ = {isa = PBXFileReference; lastKnownFileType = sourcecode.swift; path = HelpManager.swift; sourceTree = "<group>"; };
		D84138CE2BBDE497002AC325 /* Defined.swift */ = {isa = PBXFileReference; lastKnownFileType = sourcecode.swift; path = Defined.swift; sourceTree = "<group>"; };
		D872DA002BB9CA6A00E86FEB /* MyPackage */ = {isa = PBXFileReference; lastKnownFileType = wrapper; name = MyPackage; path = ../MyPackage; sourceTree = "<group>"; };
		D87A7B262BB9644B004FD731 /* SecondView.swift */ = {isa = PBXFileReference; lastKnownFileType = sourcecode.swift; path = SecondView.swift; sourceTree = "<group>"; };
		D89095722BFE500B00F18943 /* FeedbackGeneratorView.swift */ = {isa = PBXFileReference; lastKnownFileType = sourcecode.swift; path = FeedbackGeneratorView.swift; sourceTree = "<group>"; };
		D8A3249E2BFF152500F87E43 /* FullScreenView.swift */ = {isa = PBXFileReference; lastKnownFileType = sourcecode.swift; path = FullScreenView.swift; sourceTree = "<group>"; };
		D8A630E32BC59F0300915E6C /* iconsmind.swift */ = {isa = PBXFileReference; fileEncoding = 4; lastKnownFileType = sourcecode.swift; path = iconsmind.swift; sourceTree = "<group>"; };
		D8A630E42BC59F0300915E6C /* icofont.swift */ = {isa = PBXFileReference; fileEncoding = 4; lastKnownFileType = sourcecode.swift; path = icofont.swift; sourceTree = "<group>"; };
		D8A630E52BC59F0300915E6C /* themify.swift */ = {isa = PBXFileReference; fileEncoding = 4; lastKnownFileType = sourcecode.swift; path = themify.swift; sourceTree = "<group>"; };
		D8A630E62BC59F0300915E6C /* feather.swift */ = {isa = PBXFileReference; fileEncoding = 4; lastKnownFileType = sourcecode.swift; path = feather.swift; sourceTree = "<group>"; };
		D8A630E72BC59F0300915E6C /* flaticon.swift */ = {isa = PBXFileReference; fileEncoding = 4; lastKnownFileType = sourcecode.swift; path = flaticon.swift; sourceTree = "<group>"; };
		D8A630E82BC59F0300915E6C /* dripicons.swift */ = {isa = PBXFileReference; fileEncoding = 4; lastKnownFileType = sourcecode.swift; path = dripicons.swift; sourceTree = "<group>"; };
		D8A630E92BC59F0300915E6C /* lineawesome.swift */ = {isa = PBXFileReference; fileEncoding = 4; lastKnownFileType = sourcecode.swift; path = lineawesome.swift; sourceTree = "<group>"; };
		D8A630EA2BC59F0300915E6C /* material.swift */ = {isa = PBXFileReference; fileEncoding = 4; lastKnownFileType = sourcecode.swift; path = material.swift; sourceTree = "<group>"; };
		D8A630EB2BC59F0300915E6C /* simple.swift */ = {isa = PBXFileReference; fileEncoding = 4; lastKnownFileType = sourcecode.swift; path = simple.swift; sourceTree = "<group>"; };
		D8A630EC2BC59F0300915E6C /* MyIcons.swift */ = {isa = PBXFileReference; fileEncoding = 4; lastKnownFileType = sourcecode.swift; path = MyIcons.swift; sourceTree = "<group>"; };
		D8A630EE2BC59F0300915E6C /* icofont.ttf */ = {isa = PBXFileReference; lastKnownFileType = file; path = icofont.ttf; sourceTree = "<group>"; };
		D8A630EF2BC59F0300915E6C /* feather.ttf */ = {isa = PBXFileReference; lastKnownFileType = file; path = feather.ttf; sourceTree = "<group>"; };
		D8A630F02BC59F0300915E6C /* themify.ttf */ = {isa = PBXFileReference; lastKnownFileType = file; path = themify.ttf; sourceTree = "<group>"; };
		D8A630F12BC59F0300915E6C /* Material Design Icons.ttf */ = {isa = PBXFileReference; lastKnownFileType = file; path = "Material Design Icons.ttf"; sourceTree = "<group>"; };
		D8A630F22BC59F0300915E6C /* iconsmind.ttf */ = {isa = PBXFileReference; lastKnownFileType = file; path = iconsmind.ttf; sourceTree = "<group>"; };
		D8A630F32BC59F0300915E6C /* Flaticon.ttf */ = {isa = PBXFileReference; lastKnownFileType = file; path = Flaticon.ttf; sourceTree = "<group>"; };
		D8A630F42BC59F0300915E6C /* LineAwesome.ttf */ = {isa = PBXFileReference; lastKnownFileType = file; path = LineAwesome.ttf; sourceTree = "<group>"; };
		D8A630F52BC59F0300915E6C /* dripicons-v2.ttf */ = {isa = PBXFileReference; lastKnownFileType = file; path = "dripicons-v2.ttf"; sourceTree = "<group>"; };
		D8A630F62BC59F0300915E6C /* Simple-Line-Icons.ttf */ = {isa = PBXFileReference; lastKnownFileType = file; path = "Simple-Line-Icons.ttf"; sourceTree = "<group>"; };
		D8D9B6662BC274E500D45D94 /* NetworkManager.swift */ = {isa = PBXFileReference; lastKnownFileType = sourcecode.swift; path = NetworkManager.swift; sourceTree = "<group>"; };
		D8D9B66A2BC2A4B600D45D94 /* IdSupport.swift */ = {isa = PBXFileReference; fileEncoding = 4; lastKnownFileType = sourcecode.swift; path = IdSupport.swift; sourceTree = "<group>"; };
		D8D9B66C2BC2A83700D45D94 /* DeviceSupport.swift */ = {isa = PBXFileReference; lastKnownFileType = sourcecode.swift; path = DeviceSupport.swift; sourceTree = "<group>"; };
		D8D9B66E2BC2A87C00D45D94 /* SupportManager.swift */ = {isa = PBXFileReference; lastKnownFileType = sourcecode.swift; path = SupportManager.swift; sourceTree = "<group>"; };
		D8D9B6702BC2ABAA00D45D94 /* FileSupport.swift */ = {isa = PBXFileReference; lastKnownFileType = sourcecode.swift; path = FileSupport.swift; sourceTree = "<group>"; };
		D8DC44A12B8C941A000037CD /* ButtonView.swift */ = {isa = PBXFileReference; lastKnownFileType = sourcecode.swift; path = ButtonView.swift; sourceTree = "<group>"; };
		D8F9B50C2BC6607500010901 /* MainView.swift */ = {isa = PBXFileReference; lastKnownFileType = sourcecode.swift; path = MainView.swift; sourceTree = "<group>"; };
		D8F9B5182BC677EF00010901 /* SegmentedView.swift */ = {isa = PBXFileReference; lastKnownFileType = sourcecode.swift; path = SegmentedView.swift; sourceTree = "<group>"; };
		D8F9B51A2BC67A2500010901 /* SegmentedControl.swift */ = {isa = PBXFileReference; lastKnownFileType = sourcecode.swift; path = SegmentedControl.swift; sourceTree = "<group>"; };
		D8F9B51C2BC67BF400010901 /* RefreshView.swift */ = {isa = PBXFileReference; lastKnownFileType = sourcecode.swift; path = RefreshView.swift; sourceTree = "<group>"; };
/* End PBXFileReference section */

/* Begin PBXFrameworksBuildPhase section */
		D83F9A7A2B8A54B8000C764A /* Frameworks */ = {
			isa = PBXFrameworksBuildPhase;
			buildActionMask = 2147483647;
			files = (
				D872DA032BB9CC9900E86FEB /* MyPackage in Frameworks */,
			);
			runOnlyForDeploymentPostprocessing = 0;
		};
/* End PBXFrameworksBuildPhase section */

/* Begin PBXGroup section */
		D82AA5242BB96A550077BA8D /* Sources */ = {
			isa = PBXGroup;
			children = (
				D83DD3012BB97B510061E40D /* Configs */,
				D83DD2FB2BB97A970061E40D /* Models */,
				D83DD2FD2BB97AA90061E40D /* Modules */,
				D83DD2FE2BB97AAF0061E40D /* Services */,
				D83DD2FF2BB97AB80061E40D /* Helpers */,
				D8A630E02BC59EDC00915E6C /* Package */,
			);
			path = Sources;
			sourceTree = "<group>";
		};
		D82AA5252BB96E390077BA8D /* Documentation */ = {
			isa = PBXGroup;
			children = (
				D82AA5262BB96E6A0077BA8D /* README.md */,
			);
			path = Documentation;
			sourceTree = "<group>";
		};
		D83DD2FB2BB97A970061E40D /* Models */ = {
			isa = PBXGroup;
			children = (
			);
			path = Models;
			sourceTree = "<group>";
		};
		D83DD2FD2BB97AA90061E40D /* Modules */ = {
			isa = PBXGroup;
			children = (
				D83F9A902B8A55D8000C764A /* Case */,
				D8F9B50C2BC6607500010901 /* MainView.swift */,
				D83F9A822B8A54B8000C764A /* ContentView.swift */,
				D8F9B5182BC677EF00010901 /* SegmentedView.swift */,
				D8F9B51A2BC67A2500010901 /* SegmentedControl.swift */,
				D87A7B262BB9644B004FD731 /* SecondView.swift */,
			);
			path = Modules;
			sourceTree = "<group>";
		};
		D83DD2FE2BB97AAF0061E40D /* Services */ = {
			isa = PBXGroup;
			children = (
			);
			path = Services;
			sourceTree = "<group>";
		};
		D83DD2FF2BB97AB80061E40D /* Helpers */ = {
			isa = PBXGroup;
			children = (
				D8D9B6692BC2A3F200D45D94 /* Extensions */,
				D8D9B6682BC2A36C00D45D94 /* Supports */,
				D8D9B6632BC272B300D45D94 /* Managers */,
				D84138CC2BBDE2AA002AC325 /* HelpManager.swift */,
			);
			path = Helpers;
			sourceTree = "<group>";
		};
		D83DD3012BB97B510061E40D /* Configs */ = {
			isa = PBXGroup;
			children = (
				D83DD3062BB97E280061E40D /* Config.swift */,
				D83DD3082BB980400061E40D /* Theme.swift */,
				D84138CE2BBDE497002AC325 /* Defined.swift */,
			);
			path = Configs;
			sourceTree = "<group>";
		};
		D83F9A742B8A54B8000C764A = {
			isa = PBXGroup;
			children = (
				D82AA5242BB96A550077BA8D /* Sources */,
				D83F9A7F2B8A54B8000C764A /* SwiftDemo */,
				D82AA5252BB96E390077BA8D /* Documentation */,
				D83F9A8E2B8A55A6000C764A /* Data */,
				D83F9A7E2B8A54B8000C764A /* Products */,
				D872DA012BB9CC9900E86FEB /* Frameworks */,
				D872DA002BB9CA6A00E86FEB /* MyPackage */,
			);
			sourceTree = "<group>";
		};
		D83F9A7E2B8A54B8000C764A /* Products */ = {
			isa = PBXGroup;
			children = (
				D83F9A7D2B8A54B8000C764A /* SwiftDemo.app */,
			);
			name = Products;
			sourceTree = "<group>";
		};
		D83F9A7F2B8A54B8000C764A /* SwiftDemo */ = {
			isa = PBXGroup;
			children = (
				D83F9A802B8A54B8000C764A /* SwiftDemoApp.swift */,
				D83F9A842B8A54B9000C764A /* Assets.xcassets */,
				D83F9A862B8A54B9000C764A /* Preview Content */,
			);
			path = SwiftDemo;
			sourceTree = "<group>";
		};
		D83F9A862B8A54B9000C764A /* Preview Content */ = {
			isa = PBXGroup;
			children = (
				D83F9A872B8A54B9000C764A /* Preview Assets.xcassets */,
			);
			path = "Preview Content";
			sourceTree = "<group>";
		};
		D83F9A902B8A55D8000C764A /* Case */ = {
			isa = PBXGroup;
			children = (
				D8DC44A12B8C941A000037CD /* ButtonView.swift */,
				D8F9B51C2BC67BF400010901 /* RefreshView.swift */,
				D89095722BFE500B00F18943 /* FeedbackGeneratorView.swift */,
				D8A3249E2BFF152500F87E43 /* FullScreenView.swift */,
			);
			path = Case;
			sourceTree = "<group>";
		};
		D872DA012BB9CC9900E86FEB /* Frameworks */ = {
			isa = PBXGroup;
			children = (
			);
			name = Frameworks;
			sourceTree = "<group>";
		};
		D8A630E02BC59EDC00915E6C /* Package */ = {
			isa = PBXGroup;
			children = (
				D8A630E12BC59F0300915E6C /* MyIcons */,
			);
			path = Package;
			sourceTree = "<group>";
		};
		D8A630E12BC59F0300915E6C /* MyIcons */ = {
			isa = PBXGroup;
			children = (
				D8A630EC2BC59F0300915E6C /* MyIcons.swift */,
				D8A630E22BC59F0300915E6C /* unicode */,
				D8A630ED2BC59F0300915E6C /* fonts */,
			);
			path = MyIcons;
			sourceTree = "<group>";
		};
		D8A630E22BC59F0300915E6C /* unicode */ = {
			isa = PBXGroup;
			children = (
				D8A630E32BC59F0300915E6C /* iconsmind.swift */,
				D8A630E42BC59F0300915E6C /* icofont.swift */,
				D8A630E52BC59F0300915E6C /* themify.swift */,
				D8A630E62BC59F0300915E6C /* feather.swift */,
				D8A630E72BC59F0300915E6C /* flaticon.swift */,
				D8A630E82BC59F0300915E6C /* dripicons.swift */,
				D8A630E92BC59F0300915E6C /* lineawesome.swift */,
				D8A630EA2BC59F0300915E6C /* material.swift */,
				D8A630EB2BC59F0300915E6C /* simple.swift */,
			);
			path = unicode;
			sourceTree = "<group>";
		};
		D8A630ED2BC59F0300915E6C /* fonts */ = {
			isa = PBXGroup;
			children = (
				D8A630EE2BC59F0300915E6C /* icofont.ttf */,
				D8A630EF2BC59F0300915E6C /* feather.ttf */,
				D8A630F02BC59F0300915E6C /* themify.ttf */,
				D8A630F12BC59F0300915E6C /* Material Design Icons.ttf */,
				D8A630F22BC59F0300915E6C /* iconsmind.ttf */,
				D8A630F32BC59F0300915E6C /* Flaticon.ttf */,
				D8A630F42BC59F0300915E6C /* LineAwesome.ttf */,
				D8A630F52BC59F0300915E6C /* dripicons-v2.ttf */,
				D8A630F62BC59F0300915E6C /* Simple-Line-Icons.ttf */,
			);
			path = fonts;
			sourceTree = "<group>";
		};
		D8D9B6632BC272B300D45D94 /* Managers */ = {
			isa = PBXGroup;
			children = (
				D8D9B6662BC274E500D45D94 /* NetworkManager.swift */,
				D8D9B66E2BC2A87C00D45D94 /* SupportManager.swift */,
			);
			path = Managers;
			sourceTree = "<group>";
		};
		D8D9B6682BC2A36C00D45D94 /* Supports */ = {
			isa = PBXGroup;
			children = (
				D8D9B66A2BC2A4B600D45D94 /* IdSupport.swift */,
				D8D9B6702BC2ABAA00D45D94 /* FileSupport.swift */,
				D8D9B66C2BC2A83700D45D94 /* DeviceSupport.swift */,
			);
			path = Supports;
			sourceTree = "<group>";
		};
		D8D9B6692BC2A3F200D45D94 /* Extensions */ = {
			isa = PBXGroup;
			children = (
			);
			path = Extensions;
			sourceTree = "<group>";
		};
/* End PBXGroup section */

/* Begin PBXNativeTarget section */
		D83F9A7C2B8A54B8000C764A /* SwiftDemo */ = {
			isa = PBXNativeTarget;
			buildConfigurationList = D83F9A8B2B8A54B9000C764A /* Build configuration list for PBXNativeTarget "SwiftDemo" */;
			buildPhases = (
				D83F9A792B8A54B8000C764A /* Sources */,
				D83F9A7A2B8A54B8000C764A /* Frameworks */,
				D83F9A7B2B8A54B8000C764A /* Resources */,
			);
			buildRules = (
			);
			dependencies = (
			);
			name = SwiftDemo;
			packageProductDependencies = (
				D872DA022BB9CC9900E86FEB /* MyPackage */,
			);
			productName = SwiftDemo;
			productReference = D83F9A7D2B8A54B8000C764A /* SwiftDemo.app */;
			productType = "com.apple.product-type.application";
		};
/* End PBXNativeTarget section */

/* Begin PBXProject section */
		D83F9A752B8A54B8000C764A /* Project object */ = {
			isa = PBXProject;
			attributes = {
				BuildIndependentTargetsInParallel = 1;
				LastSwiftUpdateCheck = 1500;
				LastUpgradeCheck = 1500;
				TargetAttributes = {
					D83F9A7C2B8A54B8000C764A = {
						CreatedOnToolsVersion = 15.0;
					};
				};
			};
			buildConfigurationList = D83F9A782B8A54B8000C764A /* Build configuration list for PBXProject "SwiftDemo" */;
			compatibilityVersion = "Xcode 14.0";
			developmentRegion = en;
			hasScannedForEncodings = 0;
			knownRegions = (
				en,
				Base,
				"zh-Hans",
			);
			mainGroup = D83F9A742B8A54B8000C764A;
			productRefGroup = D83F9A7E2B8A54B8000C764A /* Products */;
			projectDirPath = "";
			projectRoot = "";
			targets = (
				D83F9A7C2B8A54B8000C764A /* SwiftDemo */,
			);
		};
/* End PBXProject section */

/* Begin PBXResourcesBuildPhase section */
		D83F9A7B2B8A54B8000C764A /* Resources */ = {
			isa = PBXResourcesBuildPhase;
			buildActionMask = 2147483647;
			files = (
				D83F9A882B8A54B9000C764A /* Preview Assets.xcassets in Resources */,
				D83F9A852B8A54B9000C764A /* Assets.xcassets in Resources */,
				D8A631042BC59F0300915E6C /* Material Design Icons.ttf in Resources */,
				D8A631022BC59F0300915E6C /* feather.ttf in Resources */,
				D8A631062BC59F0300915E6C /* Flaticon.ttf in Resources */,
				D8A631072BC59F0300915E6C /* LineAwesome.ttf in Resources */,
				D8A631092BC59F0300915E6C /* Simple-Line-Icons.ttf in Resources */,
				D8A631012BC59F0300915E6C /* icofont.ttf in Resources */,
				D8A631032BC59F0300915E6C /* themify.ttf in Resources */,
				D8A631082BC59F0300915E6C /* dripicons-v2.ttf in Resources */,
				D8A631052BC59F0300915E6C /* iconsmind.ttf in Resources */,
				D82AA5272BB96E6A0077BA8D /* README.md in Resources */,
				D83F9A8F2B8A55A6000C764A /* Data in Resources */,
			);
			runOnlyForDeploymentPostprocessing = 0;
		};
/* End PBXResourcesBuildPhase section */

/* Begin PBXSourcesBuildPhase section */
		D83F9A792B8A54B8000C764A /* Sources */ = {
			isa = PBXSourcesBuildPhase;
			buildActionMask = 2147483647;
			files = (
				D84138CD2BBDE2AA002AC325 /* HelpManager.swift in Sources */,
				D8F9B50D2BC6607500010901 /* MainView.swift in Sources */,
				D83F9A832B8A54B8000C764A /* ContentView.swift in Sources */,
				D8A631002BC59F0300915E6C /* MyIcons.swift in Sources */,
				D8D9B6672BC274E500D45D94 /* NetworkManager.swift in Sources */,
				D8A630FD2BC59F0300915E6C /* lineawesome.swift in Sources */,
				D8D9B66B2BC2A4B600D45D94 /* IdSupport.swift in Sources */,
				D87A7B272BB9644B004FD731 /* SecondView.swift in Sources */,
				D8A630FA2BC59F0300915E6C /* feather.swift in Sources */,
				D8D9B6712BC2ABAA00D45D94 /* FileSupport.swift in Sources */,
				D83F9A812B8A54B8000C764A /* SwiftDemoApp.swift in Sources */,
				D8F9B5192BC677EF00010901 /* SegmentedView.swift in Sources */,
				D8A630FF2BC59F0300915E6C /* simple.swift in Sources */,
				D8A630FB2BC59F0300915E6C /* flaticon.swift in Sources */,
				D8A630FE2BC59F0300915E6C /* material.swift in Sources */,
				D8A630FC2BC59F0300915E6C /* dripicons.swift in Sources */,
				D8A630F72BC59F0300915E6C /* iconsmind.swift in Sources */,
				D83DD3072BB97E280061E40D /* Config.swift in Sources */,
				D8D9B66D2BC2A83700D45D94 /* DeviceSupport.swift in Sources */,
				D8A630F82BC59F0300915E6C /* icofont.swift in Sources */,
				D8A3249F2BFF152500F87E43 /* FullScreenView.swift in Sources */,
				D89095732BFE500B00F18943 /* FeedbackGeneratorView.swift in Sources */,
				D8A630F92BC59F0300915E6C /* themify.swift in Sources */,
				D84138CF2BBDE497002AC325 /* Defined.swift in Sources */,
				D8F9B51B2BC67A2500010901 /* SegmentedControl.swift in Sources */,
				D8DC44A22B8C941A000037CD /* ButtonView.swift in Sources */,
				D8F9B51D2BC67BF400010901 /* RefreshView.swift in Sources */,
				D8D9B66F2BC2A87C00D45D94 /* SupportManager.swift in Sources */,
				D83DD3092BB980400061E40D /* Theme.swift in Sources */,
			);
			runOnlyForDeploymentPostprocessing = 0;
		};
/* End PBXSourcesBuildPhase section */

/* Begin XCBuildConfiguration section */
		D83F9A892B8A54B9000C764A /* Debug */ = {
			isa = XCBuildConfiguration;
			buildSettings = {
				ALWAYS_SEARCH_USER_PATHS = NO;
				ASSETCATALOG_COMPILER_GENERATE_SWIFT_ASSET_SYMBOL_EXTENSIONS = YES;
				CLANG_ANALYZER_NONNULL = YES;
				CLANG_ANALYZER_NUMBER_OBJECT_CONVERSION = YES_AGGRESSIVE;
				CLANG_CXX_LANGUAGE_STANDARD = "gnu++20";
				CLANG_ENABLE_MODULES = YES;
				CLANG_ENABLE_OBJC_ARC = YES;
				CLANG_ENABLE_OBJC_WEAK = YES;
				CLANG_WARN_BLOCK_CAPTURE_AUTORELEASING = YES;
				CLANG_WARN_BOOL_CONVERSION = YES;
				CLANG_WARN_COMMA = YES;
				CLANG_WARN_CONSTANT_CONVERSION = YES;
				CLANG_WARN_DEPRECATED_OBJC_IMPLEMENTATIONS = YES;
				CLANG_WARN_DIRECT_OBJC_ISA_USAGE = YES_ERROR;
				CLANG_WARN_DOCUMENTATION_COMMENTS = YES;
				CLANG_WARN_EMPTY_BODY = YES;
				CLANG_WARN_ENUM_CONVERSION = YES;
				CLANG_WARN_INFINITE_RECURSION = YES;
				CLANG_WARN_INT_CONVERSION = YES;
				CLANG_WARN_NON_LITERAL_NULL_CONVERSION = YES;
				CLANG_WARN_OBJC_IMPLICIT_RETAIN_SELF = YES;
				CLANG_WARN_OBJC_LITERAL_CONVERSION = YES;
				CLANG_WARN_OBJC_ROOT_CLASS = YES_ERROR;
				CLANG_WARN_QUOTED_INCLUDE_IN_FRAMEWORK_HEADER = YES;
				CLANG_WARN_RANGE_LOOP_ANALYSIS = YES;
				CLANG_WARN_STRICT_PROTOTYPES = YES;
				CLANG_WARN_SUSPICIOUS_MOVE = YES;
				CLANG_WARN_UNGUARDED_AVAILABILITY = YES_AGGRESSIVE;
				CLANG_WARN_UNREACHABLE_CODE = YES;
				CLANG_WARN__DUPLICATE_METHOD_MATCH = YES;
				COPY_PHASE_STRIP = NO;
				DEBUG_INFORMATION_FORMAT = dwarf;
				ENABLE_STRICT_OBJC_MSGSEND = YES;
				ENABLE_TESTABILITY = YES;
				ENABLE_USER_SCRIPT_SANDBOXING = YES;
				GCC_C_LANGUAGE_STANDARD = gnu17;
				GCC_DYNAMIC_NO_PIC = NO;
				GCC_NO_COMMON_BLOCKS = YES;
				GCC_OPTIMIZATION_LEVEL = 0;
				GCC_PREPROCESSOR_DEFINITIONS = (
					"DEBUG=1",
					"$(inherited)",
				);
				GCC_WARN_64_TO_32_BIT_CONVERSION = YES;
				GCC_WARN_ABOUT_RETURN_TYPE = YES_ERROR;
				GCC_WARN_UNDECLARED_SELECTOR = YES;
				GCC_WARN_UNINITIALIZED_AUTOS = YES_AGGRESSIVE;
				GCC_WARN_UNUSED_FUNCTION = YES;
				GCC_WARN_UNUSED_VARIABLE = YES;
				IPHONEOS_DEPLOYMENT_TARGET = 15.0;
				LOCALIZATION_PREFERS_STRING_CATALOGS = YES;
				MTL_ENABLE_DEBUG_INFO = INCLUDE_SOURCE;
				MTL_FAST_MATH = YES;
				ONLY_ACTIVE_ARCH = YES;
				SDKROOT = iphoneos;
				SWIFT_ACTIVE_COMPILATION_CONDITIONS = "DEBUG $(inherited)";
				SWIFT_OPTIMIZATION_LEVEL = "-Onone";
			};
			name = Debug;
		};
		D83F9A8A2B8A54B9000C764A /* Release */ = {
			isa = XCBuildConfiguration;
			buildSettings = {
				ALWAYS_SEARCH_USER_PATHS = NO;
				ASSETCATALOG_COMPILER_GENERATE_SWIFT_ASSET_SYMBOL_EXTENSIONS = YES;
				CLANG_ANALYZER_NONNULL = YES;
				CLANG_ANALYZER_NUMBER_OBJECT_CONVERSION = YES_AGGRESSIVE;
				CLANG_CXX_LANGUAGE_STANDARD = "gnu++20";
				CLANG_ENABLE_MODULES = YES;
				CLANG_ENABLE_OBJC_ARC = YES;
				CLANG_ENABLE_OBJC_WEAK = YES;
				CLANG_WARN_BLOCK_CAPTURE_AUTORELEASING = YES;
				CLANG_WARN_BOOL_CONVERSION = YES;
				CLANG_WARN_COMMA = YES;
				CLANG_WARN_CONSTANT_CONVERSION = YES;
				CLANG_WARN_DEPRECATED_OBJC_IMPLEMENTATIONS = YES;
				CLANG_WARN_DIRECT_OBJC_ISA_USAGE = YES_ERROR;
				CLANG_WARN_DOCUMENTATION_COMMENTS = YES;
				CLANG_WARN_EMPTY_BODY = YES;
				CLANG_WARN_ENUM_CONVERSION = YES;
				CLANG_WARN_INFINITE_RECURSION = YES;
				CLANG_WARN_INT_CONVERSION = YES;
				CLANG_WARN_NON_LITERAL_NULL_CONVERSION = YES;
				CLANG_WARN_OBJC_IMPLICIT_RETAIN_SELF = YES;
				CLANG_WARN_OBJC_LITERAL_CONVERSION = YES;
				CLANG_WARN_OBJC_ROOT_CLASS = YES_ERROR;
				CLANG_WARN_QUOTED_INCLUDE_IN_FRAMEWORK_HEADER = YES;
				CLANG_WARN_RANGE_LOOP_ANALYSIS = YES;
				CLANG_WARN_STRICT_PROTOTYPES = YES;
				CLANG_WARN_SUSPICIOUS_MOVE = YES;
				CLANG_WARN_UNGUARDED_AVAILABILITY = YES_AGGRESSIVE;
				CLANG_WARN_UNREACHABLE_CODE = YES;
				CLANG_WARN__DUPLICATE_METHOD_MATCH = YES;
				COPY_PHASE_STRIP = NO;
				DEBUG_INFORMATION_FORMAT = "dwarf-with-dsym";
				ENABLE_NS_ASSERTIONS = NO;
				ENABLE_STRICT_OBJC_MSGSEND = YES;
				ENABLE_USER_SCRIPT_SANDBOXING = YES;
				GCC_C_LANGUAGE_STANDARD = gnu17;
				GCC_NO_COMMON_BLOCKS = YES;
				GCC_WARN_64_TO_32_BIT_CONVERSION = YES;
				GCC_WARN_ABOUT_RETURN_TYPE = YES_ERROR;
				GCC_WARN_UNDECLARED_SELECTOR = YES;
				GCC_WARN_UNINITIALIZED_AUTOS = YES_AGGRESSIVE;
				GCC_WARN_UNUSED_FUNCTION = YES;
				GCC_WARN_UNUSED_VARIABLE = YES;
				IPHONEOS_DEPLOYMENT_TARGET = 15.0;
				LOCALIZATION_PREFERS_STRING_CATALOGS = YES;
				MTL_ENABLE_DEBUG_INFO = NO;
				MTL_FAST_MATH = YES;
				SDKROOT = iphoneos;
				SWIFT_COMPILATION_MODE = wholemodule;
				VALIDATE_PRODUCT = YES;
			};
			name = Release;
		};
		D83F9A8C2B8A54B9000C764A /* Debug */ = {
			isa = XCBuildConfiguration;
			buildSettings = {
				ASSETCATALOG_COMPILER_APPICON_NAME = AppIcon;
				ASSETCATALOG_COMPILER_GLOBAL_ACCENT_COLOR_NAME = AccentColor;
				ASSETCATALOG_COMPILER_INCLUDE_ALL_APPICON_ASSETS = NO;
				CODE_SIGN_STYLE = Automatic;
				CURRENT_PROJECT_VERSION = 1;
				DEVELOPMENT_ASSET_PATHS = "\"SwiftDemo/Preview Content\"";
				DEVELOPMENT_TEAM = W62ZZLH4UL;
				ENABLE_PREVIEWS = YES;
				GENERATE_INFOPLIST_FILE = YES;
				INFOPLIST_FILE = SwiftDemo/Info.plist;
				INFOPLIST_KEY_CFBundleDisplayName = "Swift Demo";
				INFOPLIST_KEY_LSApplicationCategoryType = "";
				INFOPLIST_KEY_UIApplicationSceneManifest_Generation = YES;
				INFOPLIST_KEY_UIApplicationSupportsIndirectInputEvents = YES;
				INFOPLIST_KEY_UILaunchScreen_Generation = YES;
				INFOPLIST_KEY_UISupportedInterfaceOrientations_iPad = "UIInterfaceOrientationPortrait UIInterfaceOrientationPortraitUpsideDown UIInterfaceOrientationLandscapeLeft UIInterfaceOrientationLandscapeRight";
				INFOPLIST_KEY_UISupportedInterfaceOrientations_iPhone = "UIInterfaceOrientationPortrait UIInterfaceOrientationLandscapeLeft UIInterfaceOrientationLandscapeRight";
				IPHONEOS_DEPLOYMENT_TARGET = 15.0;
				LD_RUNPATH_SEARCH_PATHS = (
					"$(inherited)",
					"@executable_path/Frameworks",
				);
				MARKETING_VERSION = 1.0;
				PRODUCT_BUNDLE_IDENTIFIER = zlab.SwiftDemo;
				PRODUCT_NAME = "$(TARGET_NAME)";
				SWIFT_EMIT_LOC_STRINGS = YES;
				SWIFT_VERSION = 5.0;
				TARGETED_DEVICE_FAMILY = "1,2";
			};
			name = Debug;
		};
		D83F9A8D2B8A54B9000C764A /* Release */ = {
			isa = XCBuildConfiguration;
			buildSettings = {
				ASSETCATALOG_COMPILER_APPICON_NAME = AppIcon;
				ASSETCATALOG_COMPILER_GLOBAL_ACCENT_COLOR_NAME = AccentColor;
				ASSETCATALOG_COMPILER_INCLUDE_ALL_APPICON_ASSETS = NO;
				CODE_SIGN_STYLE = Automatic;
				CURRENT_PROJECT_VERSION = 1;
				DEVELOPMENT_ASSET_PATHS = "\"SwiftDemo/Preview Content\"";
				DEVELOPMENT_TEAM = W62ZZLH4UL;
				ENABLE_PREVIEWS = YES;
				GENERATE_INFOPLIST_FILE = YES;
				INFOPLIST_FILE = SwiftDemo/Info.plist;
				INFOPLIST_KEY_CFBundleDisplayName = "Swift Demo";
				INFOPLIST_KEY_LSApplicationCategoryType = "";
				INFOPLIST_KEY_UIApplicationSceneManifest_Generation = YES;
				INFOPLIST_KEY_UIApplicationSupportsIndirectInputEvents = YES;
				INFOPLIST_KEY_UILaunchScreen_Generation = YES;
				INFOPLIST_KEY_UISupportedInterfaceOrientations_iPad = "UIInterfaceOrientationPortrait UIInterfaceOrientationPortraitUpsideDown UIInterfaceOrientationLandscapeLeft UIInterfaceOrientationLandscapeRight";
				INFOPLIST_KEY_UISupportedInterfaceOrientations_iPhone = "UIInterfaceOrientationPortrait UIInterfaceOrientationLandscapeLeft UIInterfaceOrientationLandscapeRight";
				IPHONEOS_DEPLOYMENT_TARGET = 15.0;
				LD_RUNPATH_SEARCH_PATHS = (
					"$(inherited)",
					"@executable_path/Frameworks",
				);
				MARKETING_VERSION = 1.0;
				PRODUCT_BUNDLE_IDENTIFIER = zlab.SwiftDemo;
				PRODUCT_NAME = "$(TARGET_NAME)";
				SWIFT_EMIT_LOC_STRINGS = YES;
				SWIFT_VERSION = 5.0;
				TARGETED_DEVICE_FAMILY = "1,2";
			};
			name = Release;
		};
/* End XCBuildConfiguration section */

/* Begin XCConfigurationList section */
		D83F9A782B8A54B8000C764A /* Build configuration list for PBXProject "SwiftDemo" */ = {
			isa = XCConfigurationList;
			buildConfigurations = (
				D83F9A892B8A54B9000C764A /* Debug */,
				D83F9A8A2B8A54B9000C764A /* Release */,
			);
			defaultConfigurationIsVisible = 0;
			defaultConfigurationName = Release;
		};
		D83F9A8B2B8A54B9000C764A /* Build configuration list for PBXNativeTarget "SwiftDemo" */ = {
			isa = XCConfigurationList;
			buildConfigurations = (
				D83F9A8C2B8A54B9000C764A /* Debug */,
				D83F9A8D2B8A54B9000C764A /* Release */,
			);
			defaultConfigurationIsVisible = 0;
			defaultConfigurationName = Release;
		};
/* End XCConfigurationList section */

/* Begin XCSwiftPackageProductDependency section */
		D872DA022BB9CC9900E86FEB /* MyPackage */ = {
			isa = XCSwiftPackageProductDependency;
			productName = MyPackage;
		};
/* End XCSwiftPackageProductDependency section */
	};
	rootObject = D83F9A752B8A54B8000C764A /* Project object */;
}
